
Microsoft Visual Studio Solution File, Format Version 12.00
# Visual Studio Version 16
VisualStudioVersion = 16.0.30330.147
MinimumVisualStudioVersion = 10.0.40219.1
Project("{FAE04EC0-301F-11D3-BF4B-00C04F79EFBC}") = "GmodExtractorUI", "GmodExtractorUI\GmodExtractorUI.csproj", "{304F4301-6E3B-4A6A-B28A-55B64389DA54}"
EndProject
Global
	GlobalSection(SolutionConfigurationPlatforms) = preSolution
		Debug|Any CPU = Debug|Any CPU
		Release|Any CPU = Release|Any CPU
	EndGlobalSection
	GlobalSection(ProjectConfigurationPlatforms) = postSolution
		{304F4301-6E3B-4A6A-B28A-55B64389DA54}.Debug|Any CPU.ActiveCfg = Debug|Any CPU
		{304F4301-6E3B-4A6A-B28A-55B64389DA54}.Debug|Any CPU.Build.0 = Debug|Any CPU
		{304F4301-6E3B-4A6A-B28A-55B64389DA54}.Release|Any CPU.ActiveCfg = Release|Any CPU
		{304F4301-6E3B-4A6A-B28A-55B64389DA54}.Release|Any CPU.Build.0 = Release|Any CPU
	EndGlobalSection
	GlobalSection(SolutionProperties) = preSolution
		HideSolutionNode = FALSE
	EndGlobalSection
	GlobalSection(ExtensibilityGlobals) = postSolution
		SolutionGuid = {653FD86A-B660-4F44-8EFA-F07E9B4272C5}
	EndGlobalSection
EndGlobal
